
Microsoft Visual Studio Solution File, Format Version 12.00
# Visual Studio Version 16
VisualStudioVersion = 16.0.29215.179
MinimumVisualStudioVersion = 10.0.40219.1
Project("{FAE04EC0-301F-11D3-BF4B-00C04F79EFBC}") = "KonusarakOgren", "KonusarakOgren\KonusarakOgren.csproj", "{A996717C-0723-41E1-A851-C4B49D026FB8}"
EndProject
Global
	GlobalSection(SolutionConfigurationPlatforms) = preSolution
		Debug|Any CPU = Debug|Any CPU
		Release|Any CPU = Release|Any CPU
	EndGlobalSection
	GlobalSection(ProjectConfigurationPlatforms) = postSolution
		{A996717C-0723-41E1-A851-C4B49D026FB8}.Debug|Any CPU.ActiveCfg = Debug|Any CPU
		{A996717C-0723-41E1-A851-C4B49D026FB8}.Debug|Any CPU.Build.0 = Debug|Any CPU
		{A996717C-0723-41E1-A851-C4B49D026FB8}.Release|Any CPU.ActiveCfg = Release|Any CPU
		{A996717C-0723-41E1-A851-C4B49D026FB8}.Release|Any CPU.Build.0 = Release|Any CPU
	EndGlobalSection
	GlobalSection(SolutionProperties) = preSolution
		HideSolutionNode = FALSE
	EndGlobalSection
	GlobalSection(ExtensibilityGlobals) = postSolution
		SolutionGuid = {7176FE04-89A1-449A-954E-C036DFF54568}
	EndGlobalSection
EndGlobal
